
Microsoft Visual Studio Solution File, Format Version 12.00
# Visual Studio Version 17
VisualStudioVersion = 17.3.32825.248
MinimumVisualStudioVersion = 10.0.40219.1
Project("{FAE04EC0-301F-11D3-BF4B-00C04F79EFBC}") = "Bonsai.DAQmx", "src\Bonsai.DAQmx\Bonsai.DAQmx.csproj", "{A58E048E-C143-4A07-8D6F-ED82949262CB}"
EndProject
Project("{2150E333-8FDC-42A3-9474-1A3956D46DE8}") = "build", "build", "{DEE5DD87-39C1-BF34-B639-A387DCCF972B}"
	ProjectSection(SolutionItems) = preProject
		build\Common.csproj.props = build\Common.csproj.props
		build\Common.csproj.targets = build\Common.csproj.targets
		build\Common.Tests.csproj.props = build\Common.Tests.csproj.props
		build\icon.png = build\icon.png
		build\Package.props = build\Package.props
		build\Project.csproj.props = build\Project.csproj.props
	EndProjectSection
EndProject
Global
	GlobalSection(SolutionConfigurationPlatforms) = preSolution
		Debug|Any CPU = Debug|Any CPU
		Release|Any CPU = Release|Any CPU
	EndGlobalSection
	GlobalSection(ProjectConfigurationPlatforms) = postSolution
		{A58E048E-C143-4A07-8D6F-ED82949262CB}.Debug|Any CPU.ActiveCfg = Debug|Any CPU
		{A58E048E-C143-4A07-8D6F-ED82949262CB}.Debug|Any CPU.Build.0 = Debug|Any CPU
		{A58E048E-C143-4A07-8D6F-ED82949262CB}.Release|Any CPU.ActiveCfg = Release|Any CPU
		{A58E048E-C143-4A07-8D6F-ED82949262CB}.Release|Any CPU.Build.0 = Release|Any CPU
	EndGlobalSection
	GlobalSection(SolutionProperties) = preSolution
		HideSolutionNode = FALSE
	EndGlobalSection
	GlobalSection(ExtensibilityGlobals) = postSolution
		SolutionGuid = {2ED9ED5E-C175-446F-B39C-54996CDB6D9E}
	EndGlobalSection
EndGlobal
